
Microsoft Visual Studio Solution File, Format Version 12.00
# Visual Studio 14
VisualStudioVersion = 14.0.25123.0
MinimumVisualStudioVersion = 10.0.40219.1
Project("{A81B4A23-AF18-4B01-8944-84D6FB3D4B47}") = "OnlineFormelsamling_App", "OnlineFormelsamling_App\OnlineFormelsamling_App.iceproj", "{1C25D787-D271-4BCD-82DE-1F87E667B795}"
EndProject
Global
	GlobalSection(SolutionConfigurationPlatforms) = preSolution
		Debug|Any CPU = Debug|Any CPU
		Release|Any CPU = Release|Any CPU
	EndGlobalSection
	GlobalSection(ProjectConfigurationPlatforms) = postSolution
		{1C25D787-D271-4BCD-82DE-1F87E667B795}.Debug|Any CPU.ActiveCfg = Debug|Any CPU
		{1C25D787-D271-4BCD-82DE-1F87E667B795}.Debug|Any CPU.Build.0 = Debug|Any CPU
		{1C25D787-D271-4BCD-82DE-1F87E667B795}.Release|Any CPU.ActiveCfg = Release|Any CPU
		{1C25D787-D271-4BCD-82DE-1F87E667B795}.Release|Any CPU.Build.0 = Release|Any CPU
	EndGlobalSection
	GlobalSection(SolutionProperties) = preSolution
		HideSolutionNode = FALSE
	EndGlobalSection
EndGlobal
